// !$*UTF8*$!
{
	archiveVersion = 1;
	classes = {
	};
	objectVersion = 46;
	objects = {

/* Begin PBXBuildFile section */
		A1078A8F1B14AF480027C0BF /* main.m in Sources */ = {isa = PBXBuildFile; fileRef = A1078A8E1B14AF480027C0BF /* main.m */; };
		A1078A921B14AF480027C0BF /* AppDelegate.m in Sources */ = {isa = PBXBuildFile; fileRef = A1078A911B14AF480027C0BF /* AppDelegate.m */; };
		A1078A941B14AF480027C0BF /* Images.xcassets in Resources */ = {isa = PBXBuildFile; fileRef = A1078A931B14AF480027C0BF /* Images.xcassets */; };
		A1078A971B14AF480027C0BF /* LaunchScreen.xib in Resources */ = {isa = PBXBuildFile; fileRef = A1078A951B14AF480027C0BF /* LaunchScreen.xib */; };
		A1078AA31B14AF480027C0BF /* nopodTests.m in Sources */ = {isa = PBXBuildFile; fileRef = A1078AA21B14AF480027C0BF /* nopodTests.m */; };
/* End PBXBuildFile section */

/* Begin PBXContainerItemProxy section */
		A1078A9D1B14AF480027C0BF /* PBXContainerItemProxy */ = {
			isa = PBXContainerItemProxy;
			containerPortal = A1078A811B14AF480027C0BF /* Project object */;
			proxyType = 1;
			remoteGlobalIDString = A1078A881B14AF480027C0BF;
			remoteInfo = nopod;
		};
/* End PBXContainerItemProxy section */

/* Begin PBXFileReference section */
		A1078A891B14AF480027C0BF /* nopod.app */ = {isa = PBXFileReference; explicitFileType = wrapper.application; includeInIndex = 0; path = nopod.app; sourceTree = BUILT_PRODUCTS_DIR; };
		A1078A8D1B14AF480027C0BF /* Info.plist */ = {isa = PBXFileReference; lastKnownFileType = text.plist.xml; path = Info.plist; sourceTree = "<group>"; };
		A1078A8E1B14AF480027C0BF /* main.m */ = {isa = PBXFileReference; lastKnownFileType = sourcecode.c.objc; path = main.m; sourceTree = "<group>"; };
		A1078A901B14AF480027C0BF /* AppDelegate.h */ = {isa = PBXFileReference; lastKnownFileType = sourcecode.c.h; path = AppDelegate.h; sourceTree = "<group>"; };
		A1078A911B14AF480027C0BF /* AppDelegate.m */ = {isa = PBXFileReference; lastKnownFileType = sourcecode.c.objc; path = AppDelegate.m; sourceTree = "<group>"; };
		A1078A931B14AF480027C0BF /* Images.xcassets */ = {isa = PBXFileReference; lastKnownFileType = folder.assetcatalog; path = Images.xcassets; sourceTree = "<group>"; };
		A1078A961B14AF480027C0BF /* Base */ = {isa = PBXFileReference; lastKnownFileType = file.xib; name = Base; path = Base.lproj/LaunchScreen.xib; sourceTree = "<group>"; };
		A1078A9C1B14AF480027C0BF /* nopodTests.xctest */ = {isa = PBXFileReference; explicitFileType = wrapper.cfbundle; includeInIndex = 0; path = nopodTests.xctest; sourceTree = BUILT_PRODUCTS_DIR; };
		A1078AA11B14AF480027C0BF /* Info.plist */ = {isa = PBXFileReference; lastKnownFileType = text.plist.xml; path = Info.plist; sourceTree = "<group>"; };
		A1078AA21B14AF480027C0BF /* nopodTests.m */ = {isa = PBXFileReference; lastKnownFileType = sourcecode.c.objc; path = nopodTests.m; sourceTree = "<group>"; };
/* End PBXFileReference section */

/* Begin PBXFrameworksBuildPhase section */
		A1078A861B14AF480027C0BF /* Frameworks */ = {
			isa = PBXFrameworksBuildPhase;
			buildActionMask = 2147483647;
			files = (
			);
			runOnlyForDeploymentPostprocessing = 0;
		};
		A1078A991B14AF480027C0BF /* Frameworks */ = {
			isa = PBXFrameworksBuildPhase;
			buildActionMask = 2147483647;
			files = (
			);
			runOnlyForDeploymentPostprocessing = 0;
		};
/* End PBXFrameworksBuildPhase section */

/* Begin PBXGroup section */
		A1078A801B14AF480027C0BF = {
			isa = PBXGroup;
			children = (
				A1078A8B1B14AF480027C0BF /* nopod */,
				A1078A9F1B14AF480027C0BF /* nopodTests */,
				A1078A8A1B14AF480027C0BF /* Products */,
			);
			sourceTree = "<group>";
		};
		A1078A8A1B14AF480027C0BF /* Products */ = {
			isa = PBXGroup;
			children = (
				A1078A891B14AF480027C0BF /* nopod.app */,
				A1078A9C1B14AF480027C0BF /* nopodTests.xctest */,
			);
			name = Products;
			sourceTree = "<group>";
		};
		A1078A8B1B14AF480027C0BF /* nopod */ = {
			isa = PBXGroup;
			children = (
				A1078A901B14AF480027C0BF /* AppDelegate.h */,
				A1078A911B14AF480027C0BF /* AppDelegate.m */,
				A1078A931B14AF480027C0BF /* Images.xcassets */,
				A1078A951B14AF480027C0BF /* LaunchScreen.xib */,
				A1078A8C1B14AF480027C0BF /* Supporting Files */,
			);
			path = nopod;
			sourceTree = "<group>";
		};
		A1078A8C1B14AF480027C0BF /* Supporting Files */ = {
			isa = PBXGroup;
			children = (
				A1078A8D1B14AF480027C0BF /* Info.plist */,
				A1078A8E1B14AF480027C0BF /* main.m */,
			);
			name = "Supporting Files";
			sourceTree = "<group>";
		};
		A1078A9F1B14AF480027C0BF /* nopodTests */ = {
			isa = PBXGroup;
			children = (
				A1078AA21B14AF480027C0BF /* nopodTests.m */,
				A1078AA01B14AF480027C0BF /* Supporting Files */,
			);
			path = nopodTests;
			sourceTree = "<group>";
		};
		A1078AA01B14AF480027C0BF /* Supporting Files */ = {
			isa = PBXGroup;
			children = (
				A1078AA11B14AF480027C0BF /* Info.plist */,
			);
			name = "Supporting Files";
			sourceTree = "<group>";
		};
/* End PBXGroup section */

/* Begin PBXNativeTarget section */
		A1078A881B14AF480027C0BF /* nopod */ = {
			isa = PBXNativeTarget;
			buildConfigurationList = A1078AA61B14AF480027C0BF /* Build configuration list for PBXNativeTarget "nopod" */;
			buildPhases = (
				A1078A851B14AF480027C0BF /* Sources */,
				A1078A861B14AF480027C0BF /* Frameworks */,
				A1078A871B14AF480027C0BF /* Resources */,
			);
			buildRules = (
			);
			dependencies = (
			);
			name = nopod;
			productName = nopod;
			productReference = A1078A891B14AF480027C0BF /* nopod.app */;
			productType = "com.apple.product-type.application";
		};
		A1078A9B1B14AF480027C0BF /* nopodTests */ = {
			isa = PBXNativeTarget;
			buildConfigurationList = A1078AA91B14AF480027C0BF /* Build configuration list for PBXNativeTarget "nopodTests" */;
			buildPhases = (
				A1078A981B14AF480027C0BF /* Sources */,
				A1078A991B14AF480027C0BF /* Frameworks */,
				A1078A9A1B14AF480027C0BF /* Resources */,
			);
			buildRules = (
			);
			dependencies = (
				A1078A9E1B14AF480027C0BF /* PBXTargetDependency */,
			);
			name = nopodTests;
			productName = nopodTests;
			productReference = A1078A9C1B14AF480027C0BF /* nopodTests.xctest */;
			productType = "com.apple.product-type.bundle.unit-test";
		};
/* End PBXNativeTarget section */

/* Begin PBXProject section */
		A1078A811B14AF480027C0BF /* Project object */ = {
			isa = PBXProject;
			attributes = {
				LastUpgradeCheck = 0610;
				ORGANIZATIONNAME = "andy_ios@163.com";
				TargetAttributes = {
					A1078A881B14AF480027C0BF = {
						CreatedOnToolsVersion = 6.1.1;
					};
					A1078A9B1B14AF480027C0BF = {
						CreatedOnToolsVersion = 6.1.1;
						TestTargetID = A1078A881B14AF480027C0BF;
					};
				};
			};
			buildConfigurationList = A1078A841B14AF480027C0BF /* Build configuration list for PBXProject "nopod" */;
			compatibilityVersion = "Xcode 3.2";
			developmentRegion = English;
			hasScannedForEncodings = 0;
			knownRegions = (
				en,
				Base,
			);
			mainGroup = A1078A801B14AF480027C0BF;
			productRefGroup = A1078A8A1B14AF480027C0BF /* Products */;
			projectDirPath = "";
			projectRoot = "";
			targets = (
				A1078A881B14AF480027C0BF /* nopod */,
				A1078A9B1B14AF480027C0BF /* nopodTests */,
			);
		};
/* End PBXProject section */

/* Begin PBXResourcesBuildPhase section */
		A1078A871B14AF480027C0BF /* Resources */ = {
			isa = PBXResourcesBuildPhase;
			buildActionMask = 2147483647;
			files = (
				A1078A971B14AF480027C0BF /* LaunchScreen.xib in Resources */,
				A1078A941B14AF480027C0BF /* Images.xcassets in Resources */,
			);
			runOnlyForDeploymentPostprocessing = 0;
		};
		A1078A9A1B14AF480027C0BF /* Resources */ = {
			isa = PBXResourcesBuildPhase;
			buildActionMask = 2147483647;
			files = (
			);
			runOnlyForDeploymentPostprocessing = 0;
		};
/* End PBXResourcesBuildPhase section */

/* Begin PBXSourcesBuildPhase section */
		A1078A851B14AF480027C0BF /* Sources */ = {
			isa = PBXSourcesBuildPhase;
			buildActionMask = 2147483647;
			files = (
				A1078A921B14AF480027C0BF /* AppDelegate.m in Sources */,
				A1078A8F1B14AF480027C0BF /* main.m in Sources */,
			);
			runOnlyForDeploymentPostprocessing = 0;
		};
		A1078A981B14AF480027C0BF /* Sources */ = {
			isa = PBXSourcesBuildPhase;
			buildActionMask = 2147483647;
			files = (
				A1078AA31B14AF480027C0BF /* nopodTests.m in Sources */,
			);
			runOnlyForDeploymentPostprocessing = 0;
		};
/* End PBXSourcesBuildPhase section */

/* Begin PBXTargetDependency section */
		A1078A9E1B14AF480027C0BF /* PBXTargetDependency */ = {
			isa = PBXTargetDependency;
			target = A1078A881B14AF480027C0BF /* nopod */;
			targetProxy = A1078A9D1B14AF480027C0BF /* PBXContainerItemProxy */;
		};
/* End PBXTargetDependency section */

/* Begin PBXVariantGroup section */
		A1078A951B14AF480027C0BF /* LaunchScreen.xib */ = {
			isa = PBXVariantGroup;
			children = (
				A1078A961B14AF480027C0BF /* Base */,
			);
			name = LaunchScreen.xib;
			sourceTree = "<group>";
		};
/* End PBXVariantGroup section */

/* Begin XCBuildConfiguration section */
		A1078AA41B14AF480027C0BF /* Debug */ = {
			isa = XCBuildConfiguration;
			buildSettings = {
				ALWAYS_SEARCH_USER_PATHS = NO;
				CLANG_CXX_LANGUAGE_STANDARD = "gnu++0x";
				CLANG_CXX_LIBRARY = "libc++";
				CLANG_ENABLE_MODULES = YES;
				CLANG_ENABLE_OBJC_ARC = YES;
				CLANG_WARN_BOOL_CONVERSION = YES;
				CLANG_WARN_CONSTANT_CONVERSION = YES;
				CLANG_WARN_DIRECT_OBJC_ISA_USAGE = YES_ERROR;
				CLANG_WARN_EMPTY_BODY = YES;
				CLANG_WARN_ENUM_CONVERSION = YES;
				CLANG_WARN_INT_CONVERSION = YES;
				CLANG_WARN_OBJC_ROOT_CLASS = YES_ERROR;
				CLANG_WARN_UNREACHABLE_CODE = YES;
				CLANG_WARN__DUPLICATE_METHOD_MATCH = YES;
				"CODE_SIGN_IDENTITY[sdk=iphoneos*]" = "iPhone Developer";
				COPY_PHASE_STRIP = NO;
				ENABLE_STRICT_OBJC_MSGSEND = YES;
				GCC_C_LANGUAGE_STANDARD = gnu99;
				GCC_DYNAMIC_NO_PIC = NO;
				GCC_OPTIMIZATION_LEVEL = 0;
				GCC_PREPROCESSOR_DEFINITIONS = (
					"DEBUG=1",
					"$(inherited)",
				);
				GCC_SYMBOLS_PRIVATE_EXTERN = NO;
				GCC_WARN_64_TO_32_BIT_CONVERSION = YES;
				GCC_WARN_ABOUT_RETURN_TYPE = YES_ERROR;
				GCC_WARN_UNDECLARED_SELECTOR = YES;
				GCC_WARN_UNINITIALIZED_AUTOS = YES_AGGRESSIVE;
				GCC_WARN_UNUSED_FUNCTION = YES;
				GCC_WARN_UNUSED_VARIABLE = YES;
				IPHONEOS_DEPLOYMENT_TARGET = 8.1;
				MTL_ENABLE_DEBUG_INFO = YES;
				ONLY_ACTIVE_ARCH = YES;
				SDKROOT = iphoneos;
				TARGETED_DEVICE_FAMILY = "1,2";
			};
			name = Debug;
		};
		A1078AA51B14AF480027C0BF /* Release */ = {
			isa = XCBuildConfiguration;
			buildSettings = {
				ALWAYS_SEARCH_USER_PATHS = NO;
				CLANG_CXX_LANGUAGE_STANDARD = "gnu++0x";
				CLANG_CXX_LIBRARY = "libc++";
				CLANG_ENABLE_MODULES = YES;
				CLANG_ENABLE_OBJC_ARC = YES;
				CLANG_WARN_BOOL_CONVERSION = YES;
				CLANG_WARN_CONSTANT_CONVERSION = YES;
				CLANG_WARN_DIRECT_OBJC_ISA_USAGE = YES_ERROR;
				CLANG_WARN_EMPTY_BODY = YES;
				CLANG_WARN_ENUM_CONVERSION = YES;
				CLANG_WARN_INT_CONVERSION = YES;
				CLANG_WARN_OBJC_ROOT_CLASS = YES_ERROR;
				CLANG_WARN_UNREACHABLE_CODE = YES;
				CLANG_WARN__DUPLICATE_METHOD_MATCH = YES;
				"CODE_SIGN_IDENTITY[sdk=iphoneos*]" = "iPhone Developer";
				COPY_PHASE_STRIP = YES;
				ENABLE_NS_ASSERTIONS = NO;
				ENABLE_STRICT_OBJC_MSGSEND = YES;
				GCC_C_LANGUAGE_STANDARD = gnu99;
				GCC_WARN_64_TO_32_BIT_CONVERSION = YES;
				GCC_WARN_ABOUT_RETURN_TYPE = YES_ERROR;
				GCC_WARN_UNDECLARED_SELECTOR = YES;
				GCC_WARN_UNINITIALIZED_AUTOS = YES_AGGRESSIVE;
				GCC_WARN_UNUSED_FUNCTION = YES;
				GCC_WARN_UNUSED_VARIABLE = YES;
				IPHONEOS_DEPLOYMENT_TARGET = 8.1;
				MTL_ENABLE_DEBUG_INFO = NO;
				SDKROOT = iphoneos;
				TARGETED_DEVICE_FAMILY = "1,2";
				VALIDATE_PRODUCT = YES;
			};
			name = Release;
		};
		A1078AA71B14AF480027C0BF /* Debug */ = {
			isa = XCBuildConfiguration;
			buildSettings = {
				ASSETCATALOG_COMPILER_APPICON_NAME = AppIcon;
				CODE_SIGN_IDENTITY = "iPhone Distribution: Beijing Nation Sky Network Technology Co.,Ltd";
				INFOPLIST_FILE = nopod/Info.plist;
				LD_RUNPATH_SEARCH_PATHS = "$(inherited) @executable_path/Frameworks";
				PRODUCT_NAME = "$(TARGET_NAME)";
				PROVISIONING_PROFILE = "c4902ffc-4f6c-46ad-a01c-0af1cbdf90f2";
			};
			name = Debug;
		};
		A1078AA81B14AF480027C0BF /* Release */ = {
			isa = XCBuildConfiguration;
			buildSettings = {
				ASSETCATALOG_COMPILER_APPICON_NAME = AppIcon;
				CODE_SIGN_IDENTITY = "iPhone Distribution: Beijing Nation Sky Network Technology Co.,Ltd";
				INFOPLIST_FILE = nopod/Info.plist;
				LD_RUNPATH_SEARCH_PATHS = "$(inherited) @executable_path/Frameworks";
				PRODUCT_NAME = "$(TARGET_NAME)";
				PROVISIONING_PROFILE = "c4902ffc-4f6c-46ad-a01c-0af1cbdf90f2";
			};
			name = Release;
		};
		A1078AAA1B14AF480027C0BF /* Debug */ = {
			isa = XCBuildConfiguration;
			buildSettings = {
				BUNDLE_LOADER = "$(TEST_HOST)";
				FRAMEWORK_SEARCH_PATHS = (
					"$(SDKROOT)/Developer/Library/Frameworks",
					"$(inherited)",
				);
				GCC_PREPROCESSOR_DEFINITIONS = (
					"DEBUG=1",
					"$(inherited)",
				);
				INFOPLIST_FILE = nopodTests/Info.plist;
				LD_RUNPATH_SEARCH_PATHS = "$(inherited) @executable_path/Frameworks @loader_path/Frameworks";
				PRODUCT_NAME = "$(TARGET_NAME)";
				TEST_HOST = "$(BUILT_PRODUCTS_DIR)/nopod.app/nopod";
			};
			name = Debug;
		};
		A1078AAB1B14AF480027C0BF /* Release */ = {
			isa = XCBuildConfiguration;
			buildSettings = {
				BUNDLE_LOADER = "$(TEST_HOST)";
				FRAMEWORK_SEARCH_PATHS = (
					"$(SDKROOT)/Developer/Library/Frameworks",
					"$(inherited)",
				);
				INFOPLIST_FILE = nopodTests/Info.plist;
				LD_RUNPATH_SEARCH_PATHS = "$(inherited) @executable_path/Frameworks @loader_path/Frameworks";
				PRODUCT_NAME = "$(TARGET_NAME)";
				TEST_HOST = "$(BUILT_PRODUCTS_DIR)/nopod.app/nopod";
			};
			name = Release;
		};
/* End XCBuildConfiguration section */

/* Begin XCConfigurationList section */
		A1078A841B14AF480027C0BF /* Build configuration list for PBXProject "nopod" */ = {
			isa = XCConfigurationList;
			buildConfigurations = (
				A1078AA41B14AF480027C0BF /* Debug */,
				A1078AA51B14AF480027C0BF /* Release */,
			);
			defaultConfigurationIsVisible = 0;
			defaultConfigurationName = Release;
		};
		A1078AA61B14AF480027C0BF /* Build configuration list for PBXNativeTarget "nopod" */ = {
			isa = XCConfigurationList;
			buildConfigurations = (
				A1078AA71B14AF480027C0BF /* Debug */,
				A1078AA81B14AF480027C0BF /* Release */,
			);
			defaultConfigurationIsVisible = 0;
			defaultConfigurationName = Release;
		};
		A1078AA91B14AF480027C0BF /* Build configuration list for PBXNativeTarget "nopodTests" */ = {
			isa = XCConfigurationList;
			buildConfigurations = (
				A1078AAA1B14AF480027C0BF /* Debug */,
				A1078AAB1B14AF480027C0BF /* Release */,
			);
			defaultConfigurationIsVisible = 0;
			defaultConfigurationName = Release;
		};
/* End XCConfigurationList section */
	};
	rootObject = A1078A811B14AF480027C0BF /* Project object */;
}
